{
  "name": "timechain-project",
  "version": "1.0.0",
  "lockfileVersion": 3,
  "requires": true,
  "packages": {
    "": {
      "name": "timechain-project",
      "version": "1.0.0",
      "license": "ISC",
      "dependencies": {
        "@openzeppelin/contracts": "^5.4.0",
        "vibec": "latest"
      }
    },
    "node_modules/@openzeppelin/contracts": {
      "version": "5.4.0",
      "resolved": "https://registry.npmjs.org/@openzeppelin/contracts/-/contracts-5.4.0.tgz",
      "integrity": "sha512-eCYgWnLg6WO+X52I16TZt8uEjbtdkgLC0SUX/xnAksjjrQI4Xfn4iBRoI5j55dmlOhDv1Y7BoR3cU7e3WWhC6A==",
      "license": "MIT"
    },
    "node_modules/vibec": {
      "version": "0.1.1",
      "resolved": "https://registry.npmjs.org/vibec/-/vibec-0.1.1.tgz",
      "integrity": "sha512-0RY3pswVmsOU93JPMNE/yg3phBKqBu4TogNry1eLwtb70NyH9pK+HVFSlv2nZA6dzxxWJRwJzLgPoIcKu3t75Q==",
      "license": "MIT",
      "bin": {
        "vibec": "bin/vibec"
      },
      "engines": {
        "node": ">=16.0.0"
      }
    }
  }
}
